
Microsoft Visual Studio Solution File, Format Version 12.00
# Visual Studio 15
VisualStudioVersion = 15.0.26730.12
MinimumVisualStudioVersion = 10.0.40219.1
Project("{FAE04EC0-301F-11D3-BF4B-00C04F79EFBC}") = "TopDownShooter", "TopDownShooter.csproj", "{AD97D57C-9337-EBA9-03BD-DE1B3A05AFC9}"
EndProject
Project("{FAE04EC0-301F-11D3-BF4B-00C04F79EFBC}") = "TopDownShooter.Editor", "TopDownShooter.Editor.csproj", "{FF7B7B80-1AA3-50A5-097C-1EEA4C7BAB12}"
EndProject
Global
	GlobalSection(SolutionConfigurationPlatforms) = preSolution
		Debug|Any CPU = Debug|Any CPU
		Release|Any CPU = Release|Any CPU
	EndGlobalSection
	GlobalSection(ProjectConfigurationPlatforms) = postSolution
		{AD97D57C-9337-EBA9-03BD-DE1B3A05AFC9}.Debug|Any CPU.ActiveCfg = Debug|Any CPU
		{AD97D57C-9337-EBA9-03BD-DE1B3A05AFC9}.Debug|Any CPU.Build.0 = Debug|Any CPU
		{AD97D57C-9337-EBA9-03BD-DE1B3A05AFC9}.Release|Any CPU.ActiveCfg = Release|Any CPU
		{AD97D57C-9337-EBA9-03BD-DE1B3A05AFC9}.Release|Any CPU.Build.0 = Release|Any CPU
		{FF7B7B80-1AA3-50A5-097C-1EEA4C7BAB12}.Debug|Any CPU.ActiveCfg = Debug|Any CPU
		{FF7B7B80-1AA3-50A5-097C-1EEA4C7BAB12}.Debug|Any CPU.Build.0 = Debug|Any CPU
		{FF7B7B80-1AA3-50A5-097C-1EEA4C7BAB12}.Release|Any CPU.ActiveCfg = Release|Any CPU
		{FF7B7B80-1AA3-50A5-097C-1EEA4C7BAB12}.Release|Any CPU.Build.0 = Release|Any CPU
	EndGlobalSection
	GlobalSection(SolutionProperties) = preSolution
		HideSolutionNode = FALSE
	EndGlobalSection
	GlobalSection(ExtensibilityGlobals) = postSolution
		SolutionGuid = {0770068C-E650-46A6-9A46-B0D2AA1713C3}
	EndGlobalSection
EndGlobal
